
Microsoft Visual Studio Solution File, Format Version 12.00
# Visual Studio Version 16
VisualStudioVersion = 16.0.29503.13
MinimumVisualStudioVersion = 10.0.40219.1
Project("{9A19103F-16F7-4668-BE54-9A1E7A4F7556}") = "MT940Parser", "MT940Parser.csproj", "{42505B99-C74C-4509-B5EB-E3EA5732C917}"
EndProject
Project("{9A19103F-16F7-4668-BE54-9A1E7A4F7556}") = "Raptorious.SharpMt940Lib", "Raptorious.SharpMt940Lib\Raptorious.SharpMt940Lib.csproj", "{7E93E505-14E2-46AC-874E-21F24D87195C}"
EndProject
Global
	GlobalSection(SolutionConfigurationPlatforms) = preSolution
		Debug|Any CPU = Debug|Any CPU
		Release|Any CPU = Release|Any CPU
	EndGlobalSection
	GlobalSection(ProjectConfigurationPlatforms) = postSolution
		{42505B99-C74C-4509-B5EB-E3EA5732C917}.Debug|Any CPU.ActiveCfg = Debug|Any CPU
		{42505B99-C74C-4509-B5EB-E3EA5732C917}.Debug|Any CPU.Build.0 = Debug|Any CPU
		{42505B99-C74C-4509-B5EB-E3EA5732C917}.Release|Any CPU.ActiveCfg = Release|Any CPU
		{42505B99-C74C-4509-B5EB-E3EA5732C917}.Release|Any CPU.Build.0 = Release|Any CPU
		{7E93E505-14E2-46AC-874E-21F24D87195C}.Debug|Any CPU.ActiveCfg = Debug|Any CPU
		{7E93E505-14E2-46AC-874E-21F24D87195C}.Debug|Any CPU.Build.0 = Debug|Any CPU
		{7E93E505-14E2-46AC-874E-21F24D87195C}.Release|Any CPU.ActiveCfg = Release|Any CPU
		{7E93E505-14E2-46AC-874E-21F24D87195C}.Release|Any CPU.Build.0 = Release|Any CPU
	EndGlobalSection
	GlobalSection(SolutionProperties) = preSolution
		HideSolutionNode = FALSE
	EndGlobalSection
	GlobalSection(ExtensibilityGlobals) = postSolution
		SolutionGuid = {8FBAD5F8-5D03-43CE-AA61-F37F38E46C98}
	EndGlobalSection
EndGlobal
